{
  "name": "random-str-messages-csl",
  "version": "1.0.0",
  "lockfileVersion": 3,
  "requires": true,
  "packages": {
    "": {
      "name": "random-str-messages-csl",
      "version": "1.0.0",
      "license": "MIT",
      "dependencies": {
        "g": "^2.0.1",
        "global.js": "^1.0.0",
        "random-str-messages-csl": "^1.0.0",
        "user": "^0.0.0"
      },
      "bin": {
        "random-str-messages-csl": "bin/global.js"
      },
      "devDependencies": {}
    },
    "node_modules/g": {
      "version": "2.0.1",
      "resolved": "https://registry.npmjs.org/g/-/g-2.0.1.tgz",
      "integrity": "sha512-Fi6Ng5fZ/ANLQ15H11hCe+09sgUoNvDEBevVgx3KoYOhsH5iLNPn54hx0jPZ+3oSWr+xajnp2Qau9VmPsc7hTA=="
    },
    "node_modules/global.js": {
      "version": "1.0.0",
      "resolved": "https://registry.npmjs.org/global.js/-/global.js-1.0.0.tgz",
      "integrity": "sha512-lIdoQ9001pZK7WBeMp7cQoNUQeibRu8ISdz41UuFbpBrz2ZOgnaR5m0bPoCsSX2q80xqvmG9Od7Hu4xzgxswRA=="
    },
    "node_modules/random-str-messages-csl": {
      "version": "1.0.0",
      "resolved": "https://registry.npmjs.org/random-str-messages-csl/-/random-str-messages-csl-1.0.0.tgz",
      "integrity": "sha512-HO15d7OCZGjREI0+EjoKeJiewmC8EkJr9GXTPUr7i+7f1e3CSRYGv1+WwrIg7S6ifzOiT1UR0YrHZL82WQjy8g==",
      "dependencies": {
        "g": "^2.0.1",
        "global.js": "^1.0.0",
        "user": "^0.0.0"
      },
      "bin": {
        "random-str-messages-csl": "bin/global.js"
      }
    },
    "node_modules/user": {
      "version": "0.0.0",
      "resolved": "https://registry.npmjs.org/user/-/user-0.0.0.tgz",
      "integrity": "sha512-eRNM5isOvr6aEFAGi1CqAkmLkYxW2NJ5ThhbD+6IJXYKM1mo7Gtxx4mQIveHz/5K3p/SVnlW9k17ETn+QAu8IQ=="
    }
  }
}
